
Microsoft Visual Studio Solution File, Format Version 12.00
# Visual Studio 2013
VisualStudioVersion = 12.0.31101.0
MinimumVisualStudioVersion = 10.0.40219.1
Project("{FAE04EC0-301F-11D3-BF4B-00C04F79EFBC}") = "WaveletFusion", "ImageFusionLib\WaveletFusion.csproj", "{2DD72FC5-C521-4185-A911-AB6480F68894}"
EndProject
Project("{FAE04EC0-301F-11D3-BF4B-00C04F79EFBC}") = "TestingApp", "TestingApp\TestingApp.csproj", "{099C35AC-FA67-4EA9-B245-3D8796B95F5A}"
EndProject
Global
	GlobalSection(SolutionConfigurationPlatforms) = preSolution
		Debug|Any CPU = Debug|Any CPU
		Release|Any CPU = Release|Any CPU
	EndGlobalSection
	GlobalSection(ProjectConfigurationPlatforms) = postSolution
		{2DD72FC5-C521-4185-A911-AB6480F68894}.Debug|Any CPU.ActiveCfg = Debug|Any CPU
		{2DD72FC5-C521-4185-A911-AB6480F68894}.Debug|Any CPU.Build.0 = Debug|Any CPU
		{2DD72FC5-C521-4185-A911-AB6480F68894}.Release|Any CPU.ActiveCfg = Release|Any CPU
		{2DD72FC5-C521-4185-A911-AB6480F68894}.Release|Any CPU.Build.0 = Release|Any CPU
		{099C35AC-FA67-4EA9-B245-3D8796B95F5A}.Debug|Any CPU.ActiveCfg = Debug|Any CPU
		{099C35AC-FA67-4EA9-B245-3D8796B95F5A}.Debug|Any CPU.Build.0 = Debug|Any CPU
		{099C35AC-FA67-4EA9-B245-3D8796B95F5A}.Release|Any CPU.ActiveCfg = Release|Any CPU
		{099C35AC-FA67-4EA9-B245-3D8796B95F5A}.Release|Any CPU.Build.0 = Release|Any CPU
	EndGlobalSection
	GlobalSection(SolutionProperties) = preSolution
		HideSolutionNode = FALSE
	EndGlobalSection
EndGlobal
